
Microsoft Visual Studio Solution File, Format Version 12.00
# Visual Studio Version 17
VisualStudioVersion = 17.7.34009.444
MinimumVisualStudioVersion = 10.0.40219.1
Project("{FAE04EC0-301F-11D3-BF4B-00C04F79EFBC}") = "DataGridASP", "DataGridASP\DataGridASP.csproj", "{8F01BAB2-1D08-4DE2-BCA6-4AAD83D407CF}"
EndProject
Global
	GlobalSection(SolutionConfigurationPlatforms) = preSolution
		Debug|Any CPU = Debug|Any CPU
		Release|Any CPU = Release|Any CPU
	EndGlobalSection
	GlobalSection(ProjectConfigurationPlatforms) = postSolution
		{8F01BAB2-1D08-4DE2-BCA6-4AAD83D407CF}.Debug|Any CPU.ActiveCfg = Debug|Any CPU
		{8F01BAB2-1D08-4DE2-BCA6-4AAD83D407CF}.Debug|Any CPU.Build.0 = Debug|Any CPU
		{8F01BAB2-1D08-4DE2-BCA6-4AAD83D407CF}.Release|Any CPU.ActiveCfg = Release|Any CPU
		{8F01BAB2-1D08-4DE2-BCA6-4AAD83D407CF}.Release|Any CPU.Build.0 = Release|Any CPU
	EndGlobalSection
	GlobalSection(SolutionProperties) = preSolution
		HideSolutionNode = FALSE
	EndGlobalSection
	GlobalSection(ExtensibilityGlobals) = postSolution
		SolutionGuid = {09F70F04-F7B9-4730-BBC5-50D31F015480}
	EndGlobalSection
EndGlobal
